
Microsoft Visual Studio Solution File, Format Version 12.00
# Visual Studio Version 17
VisualStudioVersion = 17.11.35327.3
MinimumVisualStudioVersion = 10.0.40219.1
Project("{FAE04EC0-301F-11D3-BF4B-00C04F79EFBC}") = "EFCorePerformanceTips", "EFCorePerformanceTips\EFCorePerformanceTips.csproj", "{693C307D-A6D6-4051-BBC3-A18194528C01}"
EndProject
Project("{FAE04EC0-301F-11D3-BF4B-00C04F79EFBC}") = "EFCorePerformanceTips.CoreLayer", "EFCorePerformanceTips.CoreLayer\EFCorePerformanceTips.CoreLayer.csproj", "{1B7FCCBF-232E-49C5-8391-8A4A504084D4}"
EndProject
Project("{FAE04EC0-301F-11D3-BF4B-00C04F79EFBC}") = "EFCorePerformanceTips.ApplicationLayer", "EFCorePerformanceTips.ApplicationLayer\EFCorePerformanceTips.ApplicationLayer.csproj", "{50781F1C-FE3B-4C42-BE6C-8B346DC0967D}"
EndProject
Project("{FAE04EC0-301F-11D3-BF4B-00C04F79EFBC}") = "EFCorePerformanceTips.InfrastructureLayer", "EFCorePerformanceTips.InfrastructureLayer\EFCorePerformanceTips.InfrastructureLayer.csproj", "{EC4C1E9C-8D19-448B-A7D3-D347AB2872DE}"
EndProject
Global
	GlobalSection(SolutionConfigurationPlatforms) = preSolution
		Debug|Any CPU = Debug|Any CPU
		Release|Any CPU = Release|Any CPU
	EndGlobalSection
	GlobalSection(ProjectConfigurationPlatforms) = postSolution
		{693C307D-A6D6-4051-BBC3-A18194528C01}.Debug|Any CPU.ActiveCfg = Debug|Any CPU
		{693C307D-A6D6-4051-BBC3-A18194528C01}.Debug|Any CPU.Build.0 = Debug|Any CPU
		{693C307D-A6D6-4051-BBC3-A18194528C01}.Release|Any CPU.ActiveCfg = Release|Any CPU
		{693C307D-A6D6-4051-BBC3-A18194528C01}.Release|Any CPU.Build.0 = Release|Any CPU
		{1B7FCCBF-232E-49C5-8391-8A4A504084D4}.Debug|Any CPU.ActiveCfg = Debug|Any CPU
		{1B7FCCBF-232E-49C5-8391-8A4A504084D4}.Debug|Any CPU.Build.0 = Debug|Any CPU
		{1B7FCCBF-232E-49C5-8391-8A4A504084D4}.Release|Any CPU.ActiveCfg = Release|Any CPU
		{1B7FCCBF-232E-49C5-8391-8A4A504084D4}.Release|Any CPU.Build.0 = Release|Any CPU
		{50781F1C-FE3B-4C42-BE6C-8B346DC0967D}.Debug|Any CPU.ActiveCfg = Debug|Any CPU
		{50781F1C-FE3B-4C42-BE6C-8B346DC0967D}.Debug|Any CPU.Build.0 = Debug|Any CPU
		{50781F1C-FE3B-4C42-BE6C-8B346DC0967D}.Release|Any CPU.ActiveCfg = Release|Any CPU
		{50781F1C-FE3B-4C42-BE6C-8B346DC0967D}.Release|Any CPU.Build.0 = Release|Any CPU
		{EC4C1E9C-8D19-448B-A7D3-D347AB2872DE}.Debug|Any CPU.ActiveCfg = Debug|Any CPU
		{EC4C1E9C-8D19-448B-A7D3-D347AB2872DE}.Debug|Any CPU.Build.0 = Debug|Any CPU
		{EC4C1E9C-8D19-448B-A7D3-D347AB2872DE}.Release|Any CPU.ActiveCfg = Release|Any CPU
		{EC4C1E9C-8D19-448B-A7D3-D347AB2872DE}.Release|Any CPU.Build.0 = Release|Any CPU
	EndGlobalSection
	GlobalSection(SolutionProperties) = preSolution
		HideSolutionNode = FALSE
	EndGlobalSection
	GlobalSection(ExtensibilityGlobals) = postSolution
		SolutionGuid = {02E0A024-60C8-4C97-9D79-C29D7A16AC34}
	EndGlobalSection
EndGlobal
